
Microsoft Visual Studio Solution File, Format Version 12.00
# Visual Studio 14
VisualStudioVersion = 14.0.25420.1
MinimumVisualStudioVersion = 10.0.40219.1
Project("{FAE04EC0-301F-11D3-BF4B-00C04F79EFBC}") = "ConsoleApplication1", "ConsoleApplication1\ConsoleApplication1.csproj", "{340FBBC9-F9EE-4872-B33C-A3F5514CD5C4}"
EndProject
Project("{FAE04EC0-301F-11D3-BF4B-00C04F79EFBC}") = "MultiServer", "MultiServer\MultiServer.csproj", "{841DAD7C-427C-4F5A-9E39-4EE71EFE81D2}"
EndProject
Project("{FAE04EC0-301F-11D3-BF4B-00C04F79EFBC}") = "MultiClient", "MultiClient\MultiClient.csproj", "{E73DCBEE-3F3A-4185-A6B6-57DAB5412D12}"
EndProject
Project("{FAE04EC0-301F-11D3-BF4B-00C04F79EFBC}") = "Common", "Common\Common.csproj", "{63560988-5C46-4EC9-B56A-5D14C2BDA684}"
EndProject
Project("{FAE04EC0-301F-11D3-BF4B-00C04F79EFBC}") = "Utility", "Utility\Utility.csproj", "{2CDEE367-BA01-4155-A9A6-AED4282CA3D1}"
EndProject
Project("{FAE04EC0-301F-11D3-BF4B-00C04F79EFBC}") = "Network", "Network\Network.csproj", "{0BA2BFEB-6DB1-4454-9B51-2FAE89885DCA}"
EndProject
Project("{FAE04EC0-301F-11D3-BF4B-00C04F79EFBC}") = "Caculate", "Caculate\Caculate.csproj", "{249B19FB-F86C-4B72-8BB0-653755D4A42D}"
EndProject
Project("{FAE04EC0-301F-11D3-BF4B-00C04F79EFBC}") = "Matrix", "Matrix\Matrix.csproj", "{53E0CFE0-6CB3-4D82-AC20-33A89F883D17}"
EndProject
Global
	GlobalSection(SolutionConfigurationPlatforms) = preSolution
		Debug|Any CPU = Debug|Any CPU
		Release|Any CPU = Release|Any CPU
	EndGlobalSection
	GlobalSection(ProjectConfigurationPlatforms) = postSolution
		{340FBBC9-F9EE-4872-B33C-A3F5514CD5C4}.Debug|Any CPU.ActiveCfg = Debug|Any CPU
		{340FBBC9-F9EE-4872-B33C-A3F5514CD5C4}.Debug|Any CPU.Build.0 = Debug|Any CPU
		{340FBBC9-F9EE-4872-B33C-A3F5514CD5C4}.Release|Any CPU.ActiveCfg = Release|Any CPU
		{340FBBC9-F9EE-4872-B33C-A3F5514CD5C4}.Release|Any CPU.Build.0 = Release|Any CPU
		{841DAD7C-427C-4F5A-9E39-4EE71EFE81D2}.Debug|Any CPU.ActiveCfg = Debug|Any CPU
		{841DAD7C-427C-4F5A-9E39-4EE71EFE81D2}.Debug|Any CPU.Build.0 = Debug|Any CPU
		{841DAD7C-427C-4F5A-9E39-4EE71EFE81D2}.Release|Any CPU.ActiveCfg = Release|Any CPU
		{841DAD7C-427C-4F5A-9E39-4EE71EFE81D2}.Release|Any CPU.Build.0 = Release|Any CPU
		{E73DCBEE-3F3A-4185-A6B6-57DAB5412D12}.Debug|Any CPU.ActiveCfg = Debug|Any CPU
		{E73DCBEE-3F3A-4185-A6B6-57DAB5412D12}.Debug|Any CPU.Build.0 = Debug|Any CPU
		{E73DCBEE-3F3A-4185-A6B6-57DAB5412D12}.Release|Any CPU.ActiveCfg = Release|Any CPU
		{E73DCBEE-3F3A-4185-A6B6-57DAB5412D12}.Release|Any CPU.Build.0 = Release|Any CPU
		{63560988-5C46-4EC9-B56A-5D14C2BDA684}.Debug|Any CPU.ActiveCfg = Debug|Any CPU
		{63560988-5C46-4EC9-B56A-5D14C2BDA684}.Debug|Any CPU.Build.0 = Debug|Any CPU
		{63560988-5C46-4EC9-B56A-5D14C2BDA684}.Release|Any CPU.ActiveCfg = Release|Any CPU
		{63560988-5C46-4EC9-B56A-5D14C2BDA684}.Release|Any CPU.Build.0 = Release|Any CPU
		{2CDEE367-BA01-4155-A9A6-AED4282CA3D1}.Debug|Any CPU.ActiveCfg = Debug|Any CPU
		{2CDEE367-BA01-4155-A9A6-AED4282CA3D1}.Debug|Any CPU.Build.0 = Debug|Any CPU
		{2CDEE367-BA01-4155-A9A6-AED4282CA3D1}.Release|Any CPU.ActiveCfg = Release|Any CPU
		{2CDEE367-BA01-4155-A9A6-AED4282CA3D1}.Release|Any CPU.Build.0 = Release|Any CPU
		{0BA2BFEB-6DB1-4454-9B51-2FAE89885DCA}.Debug|Any CPU.ActiveCfg = Debug|Any CPU
		{0BA2BFEB-6DB1-4454-9B51-2FAE89885DCA}.Debug|Any CPU.Build.0 = Debug|Any CPU
		{0BA2BFEB-6DB1-4454-9B51-2FAE89885DCA}.Release|Any CPU.ActiveCfg = Release|Any CPU
		{0BA2BFEB-6DB1-4454-9B51-2FAE89885DCA}.Release|Any CPU.Build.0 = Release|Any CPU
		{249B19FB-F86C-4B72-8BB0-653755D4A42D}.Debug|Any CPU.ActiveCfg = Debug|Any CPU
		{249B19FB-F86C-4B72-8BB0-653755D4A42D}.Debug|Any CPU.Build.0 = Debug|Any CPU
		{249B19FB-F86C-4B72-8BB0-653755D4A42D}.Release|Any CPU.ActiveCfg = Release|Any CPU
		{249B19FB-F86C-4B72-8BB0-653755D4A42D}.Release|Any CPU.Build.0 = Release|Any CPU
		{53E0CFE0-6CB3-4D82-AC20-33A89F883D17}.Debug|Any CPU.ActiveCfg = Debug|Any CPU
		{53E0CFE0-6CB3-4D82-AC20-33A89F883D17}.Debug|Any CPU.Build.0 = Debug|Any CPU
		{53E0CFE0-6CB3-4D82-AC20-33A89F883D17}.Release|Any CPU.ActiveCfg = Release|Any CPU
		{53E0CFE0-6CB3-4D82-AC20-33A89F883D17}.Release|Any CPU.Build.0 = Release|Any CPU
	EndGlobalSection
	GlobalSection(SolutionProperties) = preSolution
		HideSolutionNode = FALSE
	EndGlobalSection
EndGlobal
